
Microsoft Visual Studio Solution File, Format Version 12.00
# Visual Studio Version 17
VisualStudioVersion = 17.7.34031.279
MinimumVisualStudioVersion = 10.0.40219.1
Project("{FAE04EC0-301F-11D3-BF4B-00C04F79EFBC}") = "CompanyPL", "CompanyPL.csproj", "{CE5768C0-9F7C-4122-9F6A-E7CBE168422A}"
EndProject
Project("{FAE04EC0-301F-11D3-BF4B-00C04F79EFBC}") = "CompanyDAL", "..\CompanyDAL\CompanyDAL.csproj", "{48BB6585-576D-4727-B2FE-9A4357DD137F}"
EndProject
Project("{FAE04EC0-301F-11D3-BF4B-00C04F79EFBC}") = "CompanyBLL", "..\CompanyBLL\CompanyBLL.csproj", "{D41D9698-473C-48CC-93B0-095A16B97714}"
EndProject
Global
	GlobalSection(SolutionConfigurationPlatforms) = preSolution
		Debug|Any CPU = Debug|Any CPU
		Release|Any CPU = Release|Any CPU
	EndGlobalSection
	GlobalSection(ProjectConfigurationPlatforms) = postSolution
		{CE5768C0-9F7C-4122-9F6A-E7CBE168422A}.Debug|Any CPU.ActiveCfg = Debug|Any CPU
		{CE5768C0-9F7C-4122-9F6A-E7CBE168422A}.Debug|Any CPU.Build.0 = Debug|Any CPU
		{CE5768C0-9F7C-4122-9F6A-E7CBE168422A}.Release|Any CPU.ActiveCfg = Release|Any CPU
		{CE5768C0-9F7C-4122-9F6A-E7CBE168422A}.Release|Any CPU.Build.0 = Release|Any CPU
		{48BB6585-576D-4727-B2FE-9A4357DD137F}.Debug|Any CPU.ActiveCfg = Debug|Any CPU
		{48BB6585-576D-4727-B2FE-9A4357DD137F}.Debug|Any CPU.Build.0 = Debug|Any CPU
		{48BB6585-576D-4727-B2FE-9A4357DD137F}.Release|Any CPU.ActiveCfg = Release|Any CPU
		{48BB6585-576D-4727-B2FE-9A4357DD137F}.Release|Any CPU.Build.0 = Release|Any CPU
		{D41D9698-473C-48CC-93B0-095A16B97714}.Debug|Any CPU.ActiveCfg = Debug|Any CPU
		{D41D9698-473C-48CC-93B0-095A16B97714}.Debug|Any CPU.Build.0 = Debug|Any CPU
		{D41D9698-473C-48CC-93B0-095A16B97714}.Release|Any CPU.ActiveCfg = Release|Any CPU
		{D41D9698-473C-48CC-93B0-095A16B97714}.Release|Any CPU.Build.0 = Release|Any CPU
	EndGlobalSection
	GlobalSection(SolutionProperties) = preSolution
		HideSolutionNode = FALSE
	EndGlobalSection
	GlobalSection(ExtensibilityGlobals) = postSolution
		SolutionGuid = {6FEDA8CC-6F55-4D78-93F5-309F1830EA96}
	EndGlobalSection
EndGlobal
